<?xml version="1.0" encoding="utf-8"?>
<Project ToolsVersion="4.0" xmlns="http://schemas.microsoft.com/developer/msbuild/2003">
  <ItemGroup>
    <Filter Include="Src">
      <UniqueIdentifier>{f82a12cd-3df2-4012-b0f8-cb90bbb69c8a}</UniqueIdentifier>
    </Filter>
    <Filter Include="Src\Core">
      <UniqueIdentifier>{5287f69b-3793-4da3-b8fc-875209c62254}</UniqueIdentifier>
    </Filter>
  </ItemGroup>
  <ItemGroup>
    <ClCompile Include="Engine.cpp">
      <Filter>Src</Filter>
    </ClCompile>
    <ClCompile Include="Audio.cpp">
      <Filter>Src\Core</Filter>
    </ClCompile>
    <ClCompile Include="Sprite.cpp">
      <Filter>Src\Core</Filter>
    </ClCompile>
    <ClCompile Include="Tile.cpp">
      <Filter>Src\Core</Filter>
    </ClCompile>
  </ItemGroup>
  <ItemGroup>
    <ClInclude Include="Audio.h">
      <Filter>Src\Core</Filter>
    </ClInclude>
    <ClInclude Include="Sprite.h">
      <Filter>Src\Core</Filter>
    </ClInclude>
    <ClInclude Include="Tile.h">
      <Filter>Src\Core</Filter>
    </ClInclude>
    <ClInclude Include="Collision2D.h">
      <Filter>Src\Core</Filter>
    </ClInclude>
  </ItemGroup>
</Project>